
Microsoft Visual Studio Solution File, Format Version 12.00
# Visual Studio 15
VisualStudioVersion = 15.0.28307.168
MinimumVisualStudioVersion = 10.0.40219.1
Project("{F2A71F9B-5D33-465A-A702-920D77279786}") = "GitLib", "GitLib\GitLib.fsproj", "{0960D3BC-DC00-4A3C-85EC-9F4248D6DC1B}"
EndProject
Global
	GlobalSection(SolutionConfigurationPlatforms) = preSolution
		Debug|Any CPU = Debug|Any CPU
		Release|Any CPU = Release|Any CPU
	EndGlobalSection
	GlobalSection(ProjectConfigurationPlatforms) = postSolution
		{0960D3BC-DC00-4A3C-85EC-9F4248D6DC1B}.Debug|Any CPU.ActiveCfg = Debug|Any CPU
		{0960D3BC-DC00-4A3C-85EC-9F4248D6DC1B}.Debug|Any CPU.Build.0 = Debug|Any CPU
		{0960D3BC-DC00-4A3C-85EC-9F4248D6DC1B}.Release|Any CPU.ActiveCfg = Release|Any CPU
		{0960D3BC-DC00-4A3C-85EC-9F4248D6DC1B}.Release|Any CPU.Build.0 = Release|Any CPU
	EndGlobalSection
	GlobalSection(SolutionProperties) = preSolution
		HideSolutionNode = FALSE
	EndGlobalSection
	GlobalSection(ExtensibilityGlobals) = postSolution
		SolutionGuid = {2D8F3F7B-69DA-4329-B95F-5E3C13C8AE10}
	EndGlobalSection
EndGlobal
